{
  "name": "terminator",
  "lockfileVersion": 3,
  "requires": true,
  "packages": {
    "": {
      "dependencies": {
        "terminator.js": "^0.8.3"
      }
    },
    "node_modules/terminator.js": {
      "version": "0.8.3",
      "resolved": "https://registry.npmjs.org/terminator.js/-/terminator.js-0.8.3.tgz",
      "integrity": "sha512-cz1fzJ6d6JrtrhKbJTrUv4JD7p4vk/yzjTZV0PJfbFl2snhxmPn9nBNcAgS6XkdpDHpKMONsRhAO114RoReSiw==",
      "engines": {
        "node": ">= 10"
      },
      "optionalDependencies": {
        "terminator.js-darwin-arm64": "0.8.3",
        "terminator.js-darwin-x64": "0.8.3",
        "terminator.js-linux-x64-gnu": "0.8.3",
        "terminator.js-win32-arm64-msvc": "0.8.3",
        "terminator.js-win32-x64-msvc": "0.8.3"
      }
    }
  }
}
