{
  "name": "terminator.js",
  "version": "0.17.3",
  "lockfileVersion": 3,
  "requires": true,
  "packages": {
    "": {
      "name": "terminator.js",
      "version": "0.17.3",
      "devDependencies": {
        "@napi-rs/cli": "^2.18.4"
      },
      "engines": {
        "node": ">= 10"
      },
      "optionalDependencies": {
        "terminator.js-darwin-arm64": "0.17.3",
        "terminator.js-darwin-x64": "0.17.3",
        "terminator.js-linux-x64-gnu": "0.17.3",
        "terminator.js-win32-arm64-msvc": "0.17.3",
        "terminator.js-win32-x64-msvc": "0.17.3"
      }
    },
    "node_modules/@napi-rs/cli": {
      "version": "2.18.4",
      "resolved": "https://registry.npmjs.org/@napi-rs/cli/-/cli-2.18.4.tgz",
      "integrity": "sha512-SgJeA4df9DE2iAEpr3M2H0OKl/yjtg1BnRI5/JyowS71tUWhrfSu2LT0V3vlHET+g1hBVlrO60PmEXwUEKp8Mg==",
      "dev": true,
      "bin": {
        "napi": "scripts/index.js"
      },
      "engines": {
        "node": ">= 10"
      },
      "funding": {
        "type": "github",
        "url": "https://github.com/sponsors/Brooooooklyn"
      }
    },
    "node_modules/terminator.js-darwin-arm64": {
      "version": "0.17.3",
      "resolved": "https://registry.npmjs.org/terminator.js-darwin-arm64/-/terminator.js-darwin-arm64-0.17.3.tgz",
      "integrity": "sha512-im6zl6XGZHe249PI00zvNmVWS2IcRB6HB6dK+1/JN2OOZIyKTubi6P2l+mVERZfKDT5phNpeeZz02nvJEs0KPw==",
      "cpu": [
        "arm64"
      ],
      "optional": true,
      "os": [
        "darwin"
      ],
      "engines": {
        "node": ">= 10"
      }
    },
    "node_modules/terminator.js-darwin-x64": {
      "version": "0.17.3",
      "resolved": "https://registry.npmjs.org/terminator.js-darwin-x64/-/terminator.js-darwin-x64-0.17.3.tgz",
      "integrity": "sha512-6F5rofr6MKV0QQocqTcUFYQCl9d6MbyFJPtALP8eIppJLY3DD61bTgL5N5fuknQ5zapA5v1kz+WeJZNFivInMw==",
      "cpu": [
        "x64"
      ],
      "optional": true,
      "os": [
        "darwin"
      ],
      "engines": {
        "node": ">= 10"
      }
    },
    "node_modules/terminator.js-linux-x64-gnu": {
      "version": "0.17.3",
      "resolved": "https://registry.npmjs.org/terminator.js-linux-x64-gnu/-/terminator.js-linux-x64-gnu-0.17.3.tgz",
      "integrity": "sha512-UsTV/bYvebG/DC7iq3FlO4QcpXD6zU9GkPam4bK/OC6pjXASMkq7SNvsXx4TVzaKV9rpI5AHone1a9w8PGse6A==",
      "cpu": [
        "x64"
      ],
      "optional": true,
      "os": [
        "linux"
      ],
      "engines": {
        "node": ">= 10"
      }
    },
    "node_modules/terminator.js-win32-arm64-msvc": {
      "version": "0.17.3",
      "resolved": "https://registry.npmjs.org/terminator.js-win32-arm64-msvc/-/terminator.js-win32-arm64-msvc-0.17.3.tgz",
      "integrity": "sha512-O19p4I1CZyCTdHulOX6B8ALH+DoO3FWTfmK7WN02tmbXxnM4eYHfCTXaJCVXuEMJX97mVc1e0674RLQZH388gA==",
      "cpu": [
        "arm64"
      ],
      "optional": true,
      "os": [
        "win32"
      ],
      "engines": {
        "node": ">= 10"
      }
    },
    "node_modules/terminator.js-win32-x64-msvc": {
      "version": "0.17.3",
      "resolved": "https://registry.npmjs.org/terminator.js-win32-x64-msvc/-/terminator.js-win32-x64-msvc-0.17.3.tgz",
      "integrity": "sha512-3zzlDaYXhRYTsOEDztILslmv/L1otDeqtZqMSawzd/R58xFZ+QhZRZ6c6gxA3PiDbax4mVwK8aPpLu2wFt7bGA==",
      "cpu": [
        "x64"
      ],
      "optional": true,
      "os": [
        "win32"
      ],
      "engines": {
        "node": ">= 10"
      }
    }
  }
}
