{
  "name": "terminator.js",
  "version": "0.10.15",
  "lockfileVersion": 3,
  "requires": true,
  "packages": {
    "": {
      "name": "terminator.js",
      "version": "0.10.15",
      "devDependencies": {
        "@napi-rs/cli": "^2.18.4"
      },
      "engines": {
        "node": ">= 10"
      },
      "optionalDependencies": {
        "terminator.js-darwin-arm64": "0.10.15",
        "terminator.js-darwin-x64": "0.10.15",
        "terminator.js-linux-x64-gnu": "0.10.15",
        "terminator.js-win32-arm64-msvc": "0.10.15",
        "terminator.js-win32-x64-msvc": "0.10.15"
      }
    },
    "node_modules/@napi-rs/cli": {
      "version": "2.18.4",
      "resolved": "https://registry.npmjs.org/@napi-rs/cli/-/cli-2.18.4.tgz",
      "integrity": "sha512-SgJeA4df9DE2iAEpr3M2H0OKl/yjtg1BnRI5/JyowS71tUWhrfSu2LT0V3vlHET+g1hBVlrO60PmEXwUEKp8Mg==",
      "dev": true,
      "bin": {
        "napi": "scripts/index.js"
      },
      "engines": {
        "node": ">= 10"
      },
      "funding": {
        "type": "github",
        "url": "https://github.com/sponsors/Brooooooklyn"
      }
    },
    "node_modules/terminator.js-darwin-arm64": {
      "version": "0.10.15",
      "resolved": "https://registry.npmjs.org/terminator.js-darwin-arm64/-/terminator.js-darwin-arm64-0.10.15.tgz",
      "integrity": "sha512-XvIDUwuKdElX6FqnSGF08Ix1QwHDmLF+v35J5UfaSLEFjdO9EvuNGzEG4QtN97Pqy5i9BhPslR9TLNPNzfvhZQ==",
      "cpu": [
        "arm64"
      ],
      "optional": true,
      "os": [
        "darwin"
      ],
      "engines": {
        "node": ">= 10"
      }
    },
    "node_modules/terminator.js-darwin-x64": {
      "version": "0.10.15",
      "resolved": "https://registry.npmjs.org/terminator.js-darwin-x64/-/terminator.js-darwin-x64-0.10.15.tgz",
      "integrity": "sha512-ekXNQ6D/zbwvyUrxUobA+9IGNlkiwhvMZmVBnFM3+4YWmbKPHDZWqtklgDNNPxdLuS0GF2VpdPdDCqMMP+cwNQ==",
      "cpu": [
        "x64"
      ],
      "optional": true,
      "os": [
        "darwin"
      ],
      "engines": {
        "node": ">= 10"
      }
    },
    "node_modules/terminator.js-linux-x64-gnu": {
      "version": "0.10.15",
      "resolved": "https://registry.npmjs.org/terminator.js-linux-x64-gnu/-/terminator.js-linux-x64-gnu-0.10.15.tgz",
      "integrity": "sha512-z0v241nQmEGxs4Ty2qW6BiwMDUXM8LsKIeYFG8f/osl/L2b4WvNG190g4jGWkjkbV1kJNb0wpT/0nCc8q1a7ag==",
      "cpu": [
        "x64"
      ],
      "optional": true,
      "os": [
        "linux"
      ],
      "engines": {
        "node": ">= 10"
      }
    },
    "node_modules/terminator.js-win32-arm64-msvc": {
      "version": "0.10.15",
      "resolved": "https://registry.npmjs.org/terminator.js-win32-arm64-msvc/-/terminator.js-win32-arm64-msvc-0.10.15.tgz",
      "integrity": "sha512-T5o3soqgg/usu2F27RbqdbXjCkyfYrkE41hMPWIBOya2Dew/uo4kB0SdGbO7iDD+23vWv3BXcoZhZBNzVgNi6g==",
      "cpu": [
        "arm64"
      ],
      "optional": true,
      "os": [
        "win32"
      ],
      "engines": {
        "node": ">= 10"
      }
    },
    "node_modules/terminator.js-win32-x64-msvc": {
      "version": "0.10.15",
      "resolved": "https://registry.npmjs.org/terminator.js-win32-x64-msvc/-/terminator.js-win32-x64-msvc-0.10.15.tgz",
      "integrity": "sha512-+5xlD4G63p7xy5Xx8QZ5Yf8+fEeESrLmlMaYdqHO1/D+LRDKVPePCm9pihDTYVxAnNgAror8uRYia7wI49x0Mw==",
      "cpu": [
        "x64"
      ],
      "optional": true,
      "os": [
        "win32"
      ],
      "engines": {
        "node": ">= 10"
      }
    }
  }
}
