{
  "name": "simple_notepad_workflow",
  "version": "1.0.0",
  "lockfileVersion": 3,
  "requires": true,
  "packages": {
    "": {
      "name": "simple_notepad_workflow",
      "version": "1.0.0",
      "license": "ISC",
      "dependencies": {
        "@mediar-ai/terminator": "^0.20.0",
        "@mediar-ai/workflow": "^0.21.0",
        "@types/node": "^20.0.0",
        "typescript": "^5.0.0"
      }
    },
    "node_modules/@mediar-ai/terminator": {
      "version": "0.20.10",
      "resolved": "https://registry.npmjs.org/@mediar-ai/terminator/-/terminator-0.20.10.tgz",
      "integrity": "sha512-lEGu+wiJBB1ucqa/CwypZrgaQc8aaf/7OKJfe79oZoUQC1UO2H7lKFmxv/1iQiGjAGIeOSZbA4YaGjfUXFGrHQ==",
      "engines": {
        "node": ">= 10"
      },
      "optionalDependencies": {
        "@mediar-ai/terminator-darwin-arm64": "0.20.10",
        "@mediar-ai/terminator-darwin-x64": "0.20.10",
        "@mediar-ai/terminator-linux-x64-gnu": "0.20.10",
        "@mediar-ai/terminator-win32-arm64-msvc": "0.20.10",
        "@mediar-ai/terminator-win32-x64-msvc": "0.20.10"
      }
    },
    "node_modules/@mediar-ai/terminator-darwin-arm64": {
      "version": "0.20.10",
      "resolved": "https://registry.npmjs.org/@mediar-ai/terminator-darwin-arm64/-/terminator-darwin-arm64-0.20.10.tgz",
      "integrity": "sha512-Zm3N/lHi4kTTZMIftCFV+vlJibQwJYrYdrkiM9CT4SROe9CCWOdJ+y3GSXZ7jG6yrbqJgsEsDoF1jpHZw2fVKA==",
      "cpu": [
        "arm64"
      ],
      "optional": true,
      "os": [
        "darwin"
      ],
      "engines": {
        "node": ">= 10"
      }
    },
    "node_modules/@mediar-ai/terminator-darwin-x64": {
      "version": "0.20.10",
      "resolved": "https://registry.npmjs.org/@mediar-ai/terminator-darwin-x64/-/terminator-darwin-x64-0.20.10.tgz",
      "integrity": "sha512-Z6eUwzNhD0ACmcOlYov7lRpjzh8NFQzuYqTkDHBLCAHzU59AkFDb/aJ8QAPxfQKnkYJTopy9oqv93MnCGVBntg==",
      "cpu": [
        "x64"
      ],
      "optional": true,
      "os": [
        "darwin"
      ],
      "engines": {
        "node": ">= 10"
      }
    },
    "node_modules/@mediar-ai/terminator-linux-x64-gnu": {
      "version": "0.20.10",
      "resolved": "https://registry.npmjs.org/@mediar-ai/terminator-linux-x64-gnu/-/terminator-linux-x64-gnu-0.20.10.tgz",
      "integrity": "sha512-c9g0ZJnP/VMs2sqjU2zl2s3nJIPkf/54V6jiVd+Q4dgvOjOmHmv8GITU8hyUMdzm6VFlzWE2pe5zO12eM2fNgA==",
      "cpu": [
        "x64"
      ],
      "optional": true,
      "os": [
        "linux"
      ],
      "engines": {
        "node": ">= 10"
      }
    },
    "node_modules/@mediar-ai/terminator-win32-arm64-msvc": {
      "version": "0.20.10",
      "resolved": "https://registry.npmjs.org/@mediar-ai/terminator-win32-arm64-msvc/-/terminator-win32-arm64-msvc-0.20.10.tgz",
      "integrity": "sha512-piEonolhbFFTFESxqYNgvBtfmCnyQd6H9zFaYqG3510yb3aUMvWxooxgZ5g9HblDvw0bcK3zmPu7WJBKVmLCGw==",
      "cpu": [
        "arm64"
      ],
      "optional": true,
      "os": [
        "win32"
      ],
      "engines": {
        "node": ">= 10"
      }
    },
    "node_modules/@mediar-ai/terminator-win32-x64-msvc": {
      "version": "0.20.10",
      "resolved": "https://registry.npmjs.org/@mediar-ai/terminator-win32-x64-msvc/-/terminator-win32-x64-msvc-0.20.10.tgz",
      "integrity": "sha512-5vBJgKKWJHfYpxy/EVpoU/qgcWJ0iUx6YsWvdT4ii2hQ4tt/aYRjK+1/CGUaxEZ+d3MFYsxLl/83uoFpeJ0GNQ==",
      "cpu": [
        "x64"
      ],
      "optional": true,
      "os": [
        "win32"
      ],
      "engines": {
        "node": ">= 10"
      }
    },
    "node_modules/@mediar-ai/workflow": {
      "version": "0.21.1",
      "resolved": "https://registry.npmjs.org/@mediar-ai/workflow/-/workflow-0.21.1.tgz",
      "integrity": "sha512-ySM9r2GZBU8LYDf6Sh6sFVMlMlMqKBbpdSTOhmfUIlQq/OxE42YYnJe4qkVNaYO7KNHSEZCy15vljv1HHo021g==",
      "license": "MIT",
      "dependencies": {
        "zod": "^3.22.4"
      },
      "peerDependencies": {
        "@mediar-ai/terminator": "^0.20.0"
      }
    },
    "node_modules/@types/node": {
      "version": "20.19.24",
      "resolved": "https://registry.npmjs.org/@types/node/-/node-20.19.24.tgz",
      "integrity": "sha512-FE5u0ezmi6y9OZEzlJfg37mqqf6ZDSF2V/NLjUyGrR9uTZ7Sb9F7bLNZ03S4XVUNRWGA7Ck4c1kK+YnuWjl+DA==",
      "license": "MIT",
      "dependencies": {
        "undici-types": "~6.21.0"
      }
    },
    "node_modules/typescript": {
      "version": "5.9.3",
      "resolved": "https://registry.npmjs.org/typescript/-/typescript-5.9.3.tgz",
      "integrity": "sha512-jl1vZzPDinLr9eUt3J/t7V6FgNEw9QjvBPdysz9KfQDD41fQrC2Y4vKQdiaUpFT4bXlb1RHhLpp8wtm6M5TgSw==",
      "license": "Apache-2.0",
      "bin": {
        "tsc": "bin/tsc",
        "tsserver": "bin/tsserver"
      },
      "engines": {
        "node": ">=14.17"
      }
    },
    "node_modules/undici-types": {
      "version": "6.21.0",
      "resolved": "https://registry.npmjs.org/undici-types/-/undici-types-6.21.0.tgz",
      "integrity": "sha512-iwDZqg0QAGrg9Rav5H4n0M64c3mkR59cJ6wQp+7C4nI0gsmExaedaYLNO44eT4AtBBwjbTiGPMlt2Md0T9H9JQ==",
      "license": "MIT"
    },
    "node_modules/zod": {
      "version": "3.25.76",
      "resolved": "https://registry.npmjs.org/zod/-/zod-3.25.76.tgz",
      "integrity": "sha512-gzUt/qt81nXsFGKIFcC3YnfEAx5NkunCfnDlvuBSSFS02bcXu4Lmea0AFIUwbLWxWPx3d9p8S5QoaujKcNQxcQ==",
      "license": "MIT",
      "funding": {
        "url": "https://github.com/sponsors/colinhacks"
      }
    }
  }
}
