{
  "name": "terminator-mcp-agent",
  "version": "0.9.6",
  "lockfileVersion": 3,
  "requires": true,
  "packages": {
    "": {
      "name": "terminator-mcp-agent",
      "version": "0.9.6",
      "bin": {
        "terminator-mcp-agent": "index.js"
      },
      "engines": {
        "node": ">= 10"
      },
      "optionalDependencies": {
        "terminator-mcp-darwin-arm64": "0.9.6",
        "terminator-mcp-darwin-x64": "0.9.6",
        "terminator-mcp-linux-x64-gnu": "0.9.6",
        "terminator-mcp-win32-x64-msvc": "0.9.6"
      }
    },
    "node_modules/terminator-mcp-darwin-arm64": {
      "version": "0.6.10",
      "resolved": "https://registry.npmjs.org/terminator-mcp-darwin-arm64/-/terminator-mcp-darwin-arm64-0.6.10.tgz",
      "integrity": "sha512-9dL1ErPBAxO+tSrEqLKjTqTPMTts79RHz5wMT9tKIMzCU6deP5Zug45pPdYlk7ygkyQPwpSAdPp5rPlpU8T2Hw==",
      "cpu": [
        "arm64"
      ],
      "optional": true,
      "os": [
        "darwin"
      ],
      "engines": {
        "node": ">= 10"
      }
    },
    "node_modules/terminator-mcp-darwin-x64": {
      "version": "0.6.10",
      "resolved": "https://registry.npmjs.org/terminator-mcp-darwin-x64/-/terminator-mcp-darwin-x64-0.6.10.tgz",
      "integrity": "sha512-sF4ECRg4fmzY9ImFxdgwrpz+las76zV7PBZI1x1G5FuwrpLjKn835dp1tR40nG6zMfz/8gwF0ZDhc5C/7sdYwA==",
      "cpu": [
        "x64"
      ],
      "optional": true,
      "os": [
        "darwin"
      ],
      "engines": {
        "node": ">= 10"
      }
    },
    "node_modules/terminator-mcp-linux-x64-gnu": {
      "version": "0.6.10",
      "resolved": "https://registry.npmjs.org/terminator-mcp-linux-x64-gnu/-/terminator-mcp-linux-x64-gnu-0.6.10.tgz",
      "integrity": "sha512-J3edatksqrbtI0+B2DPKPMwJZgFSC+DEer+lIOzJc7HDaetkwr122b92ETgx4eQazhwHk4rayaeW2Q7ljecgug==",
      "cpu": [
        "x64"
      ],
      "optional": true,
      "os": [
        "linux"
      ],
      "engines": {
        "node": ">= 10"
      }
    },
    "node_modules/terminator-mcp-win32-x64-msvc": {
      "version": "0.6.10",
      "resolved": "https://registry.npmjs.org/terminator-mcp-win32-x64-msvc/-/terminator-mcp-win32-x64-msvc-0.6.10.tgz",
      "integrity": "sha512-5n1eAi2ZaKcyvx4cmQLO4EIKxHUOtupI1VnzJ6b6jQxpT+j/Zi4SadBvuR4ME2i0k0XYqZB299pCfI3n7qQflw==",
      "cpu": [
        "x64"
      ],
      "optional": true,
      "os": [
        "win32"
      ],
      "engines": {
        "node": ">= 10"
      }
    }
  }
}
