{
  "name": "terminator-mcp-agent",
  "version": "0.7.1",
  "lockfileVersion": 3,
  "requires": true,
  "packages": {
    "": {
      "name": "terminator-mcp-agent",
      "version": "0.7.1",
      "bin": {
        "terminator-mcp-agent": "index.js"
      },
      "engines": {
        "node": ">= 10"
      },
      "optionalDependencies": {
        "terminator-mcp-darwin-arm64": "0.7.1",
        "terminator-mcp-darwin-x64": "0.7.1",
        "terminator-mcp-linux-x64-gnu": "0.7.1",
        "terminator-mcp-win32-x64-msvc": "0.7.1"
      }
    }
  }
}
